// !$*UTF8*$!
{
	archiveVersion = 1;
	classes = {
	};
	objectVersion = 56;
	objects = {

/* Begin PBXBuildFile section */
		4B7E82012BD7EECC008D02E7 /* hc6 s.json in Resources */ = {isa = PBXBuildFile; fileRef = 4B7E82002BD7EECC008D02E7 /* hc6 s.json */; };
		4B8253212BC6E8F7005CFE94 /* Extensions.swift in Sources */ = {isa = PBXBuildFile; fileRef = 4B8253202BC6E8F7005CFE94 /* Extensions.swift */; };
		4BAE47962BC971770050EDD8 /* SearchView.swift in Sources */ = {isa = PBXBuildFile; fileRef = 4BAE47952BC971770050EDD8 /* SearchView.swift */; };
		4BAE47982BC971B30050EDD8 /* ResultView.swift in Sources */ = {isa = PBXBuildFile; fileRef = 4BAE47972BC971B30050EDD8 /* ResultView.swift */; };
		4BAE479A2BC971EC0050EDD8 /* ResultController.swift in Sources */ = {isa = PBXBuildFile; fileRef = 4BAE47992BC971EC0050EDD8 /* ResultController.swift */; };
		4BAE479C2BC972D70050EDD8 /* ResultTableViewCell.swift in Sources */ = {isa = PBXBuildFile; fileRef = 4BAE479B2BC972D70050EDD8 /* ResultTableViewCell.swift */; };
		4BAE479E2BC97D440050EDD8 /* CustopTitle.swift in Sources */ = {isa = PBXBuildFile; fileRef = 4BAE479D2BC97D440050EDD8 /* CustopTitle.swift */; };
		4BBE600E2BBC477E00A36567 /* AppDelegate.swift in Sources */ = {isa = PBXBuildFile; fileRef = 4BBE600D2BBC477E00A36567 /* AppDelegate.swift */; };
		4BBE60102BBC477E00A36567 /* SceneDelegate.swift in Sources */ = {isa = PBXBuildFile; fileRef = 4BBE600F2BBC477E00A36567 /* SceneDelegate.swift */; };
		4BBE60122BBC477E00A36567 /* MagneticDetectionController.swift in Sources */ = {isa = PBXBuildFile; fileRef = 4BBE60112BBC477E00A36567 /* MagneticDetectionController.swift */; };
		4BBE60172BBC478000A36567 /* Assets.xcassets in Resources */ = {isa = PBXBuildFile; fileRef = 4BBE60162BBC478000A36567 /* Assets.xcassets */; };
		4BBE601A2BBC478000A36567 /* LaunchScreen.storyboard in Resources */ = {isa = PBXBuildFile; fileRef = 4BBE60182BBC478000A36567 /* LaunchScreen.storyboard */; };
		4BBE60262BBC4A0A00A36567 /* AppConfig.swift in Sources */ = {isa = PBXBuildFile; fileRef = 4BBE60252BBC4A0A00A36567 /* AppConfig.swift */; };
		4BBE60282BBC4B7900A36567 /* MagneticDetectionView.swift in Sources */ = {isa = PBXBuildFile; fileRef = 4BBE60272BBC4B7900A36567 /* MagneticDetectionView.swift */; };
		4BBE602B2BBC4D5600A36567 /* SnapKit in Frameworks */ = {isa = PBXBuildFile; productRef = 4BBE602A2BBC4D5600A36567 /* SnapKit */; };
		4BBE60302BBC8DAE00A36567 /* Roboto-Medium.ttf in Resources */ = {isa = PBXBuildFile; fileRef = 4BBE602F2BBC8DAE00A36567 /* Roboto-Medium.ttf */; };
		4BBE60332BBDCAF200A36567 /* MainViewController.swift in Sources */ = {isa = PBXBuildFile; fileRef = 4BBE60322BBDCAF200A36567 /* MainViewController.swift */; };
		4BBE60352BBDCB1700A36567 /* MainView.swift in Sources */ = {isa = PBXBuildFile; fileRef = 4BBE60342BBDCB1700A36567 /* MainView.swift */; };
		4BBE603C2BC16A1200A36567 /* Lottie in Frameworks */ = {isa = PBXBuildFile; productRef = 4BBE603B2BC16A1200A36567 /* Lottie */; };
		4BBE603F2BC16E3300A36567 /* CustomButton.swift in Sources */ = {isa = PBXBuildFile; fileRef = 4BBE603E2BC16E3300A36567 /* CustomButton.swift */; };
/* End PBXBuildFile section */

/* Begin PBXFileReference section */
		4B7E82002BD7EECC008D02E7 /* hc6 s.json */ = {isa = PBXFileReference; fileEncoding = 4; lastKnownFileType = text.json; name = "hc6 s.json"; path = "TestProject/Resources/hc6 s.json"; sourceTree = SOURCE_ROOT; };
		4B8253202BC6E8F7005CFE94 /* Extensions.swift */ = {isa = PBXFileReference; lastKnownFileType = sourcecode.swift; path = Extensions.swift; sourceTree = "<group>"; };
		4BAE47952BC971770050EDD8 /* SearchView.swift */ = {isa = PBXFileReference; lastKnownFileType = sourcecode.swift; path = SearchView.swift; sourceTree = "<group>"; };
		4BAE47972BC971B30050EDD8 /* ResultView.swift */ = {isa = PBXFileReference; lastKnownFileType = sourcecode.swift; path = ResultView.swift; sourceTree = "<group>"; };
		4BAE47992BC971EC0050EDD8 /* ResultController.swift */ = {isa = PBXFileReference; lastKnownFileType = sourcecode.swift; path = ResultController.swift; sourceTree = "<group>"; };
		4BAE479B2BC972D70050EDD8 /* ResultTableViewCell.swift */ = {isa = PBXFileReference; lastKnownFileType = sourcecode.swift; path = ResultTableViewCell.swift; sourceTree = "<group>"; };
		4BAE479D2BC97D440050EDD8 /* CustopTitle.swift */ = {isa = PBXFileReference; lastKnownFileType = sourcecode.swift; path = CustopTitle.swift; sourceTree = "<group>"; };
		4BBE600A2BBC477E00A36567 /* TestProject.app */ = {isa = PBXFileReference; explicitFileType = wrapper.application; includeInIndex = 0; path = TestProject.app; sourceTree = BUILT_PRODUCTS_DIR; };
		4BBE600D2BBC477E00A36567 /* AppDelegate.swift */ = {isa = PBXFileReference; lastKnownFileType = sourcecode.swift; path = AppDelegate.swift; sourceTree = "<group>"; };
		4BBE600F2BBC477E00A36567 /* SceneDelegate.swift */ = {isa = PBXFileReference; lastKnownFileType = sourcecode.swift; path = SceneDelegate.swift; sourceTree = "<group>"; };
		4BBE60112BBC477E00A36567 /* MagneticDetectionController.swift */ = {isa = PBXFileReference; lastKnownFileType = sourcecode.swift; path = MagneticDetectionController.swift; sourceTree = "<group>"; };
		4BBE60162BBC478000A36567 /* Assets.xcassets */ = {isa = PBXFileReference; lastKnownFileType = folder.assetcatalog; path = Assets.xcassets; sourceTree = "<group>"; };
		4BBE60192BBC478000A36567 /* Base */ = {isa = PBXFileReference; lastKnownFileType = file.storyboard; name = Base; path = Base.lproj/LaunchScreen.storyboard; sourceTree = "<group>"; };
		4BBE601B2BBC478000A36567 /* Info.plist */ = {isa = PBXFileReference; lastKnownFileType = text.plist.xml; name = Info.plist; path = TestProject/Info.plist; sourceTree = "<group>"; };
		4BBE60252BBC4A0A00A36567 /* AppConfig.swift */ = {isa = PBXFileReference; lastKnownFileType = sourcecode.swift; path = AppConfig.swift; sourceTree = "<group>"; };
		4BBE60272BBC4B7900A36567 /* MagneticDetectionView.swift */ = {isa = PBXFileReference; lastKnownFileType = sourcecode.swift; path = MagneticDetectionView.swift; sourceTree = "<group>"; };
		4BBE602F2BBC8DAE00A36567 /* Roboto-Medium.ttf */ = {isa = PBXFileReference; lastKnownFileType = file; path = "Roboto-Medium.ttf"; sourceTree = "<group>"; };
		4BBE60322BBDCAF200A36567 /* MainViewController.swift */ = {isa = PBXFileReference; lastKnownFileType = sourcecode.swift; path = MainViewController.swift; sourceTree = "<group>"; };
		4BBE60342BBDCB1700A36567 /* MainView.swift */ = {isa = PBXFileReference; lastKnownFileType = sourcecode.swift; path = MainView.swift; sourceTree = "<group>"; };
		4BBE603E2BC16E3300A36567 /* CustomButton.swift */ = {isa = PBXFileReference; lastKnownFileType = sourcecode.swift; path = CustomButton.swift; sourceTree = "<group>"; };
/* End PBXFileReference section */

/* Begin PBXFrameworksBuildPhase section */
		4BBE60072BBC477E00A36567 /* Frameworks */ = {
			isa = PBXFrameworksBuildPhase;
			buildActionMask = 2147483647;
			files = (
				4BBE602B2BBC4D5600A36567 /* SnapKit in Frameworks */,
				4BBE603C2BC16A1200A36567 /* Lottie in Frameworks */,
			);
			runOnlyForDeploymentPostprocessing = 0;
		};
/* End PBXFrameworksBuildPhase section */

/* Begin PBXGroup section */
		4BAE47942BC9711D0050EDD8 /* ResultScreen */ = {
			isa = PBXGroup;
			children = (
				4BAE47992BC971EC0050EDD8 /* ResultController.swift */,
				4BAE47972BC971B30050EDD8 /* ResultView.swift */,
				4BAE479B2BC972D70050EDD8 /* ResultTableViewCell.swift */,
			);
			path = ResultScreen;
			sourceTree = "<group>";
		};
		4BBE60012BBC477E00A36567 = {
			isa = PBXGroup;
			children = (
				4BBE600C2BBC477E00A36567 /* TestProject */,
				4BBE601B2BBC478000A36567 /* Info.plist */,
				4BBE600B2BBC477E00A36567 /* Products */,
			);
			sourceTree = "<group>";
		};
		4BBE600B2BBC477E00A36567 /* Products */ = {
			isa = PBXGroup;
			children = (
				4BBE600A2BBC477E00A36567 /* TestProject.app */,
			);
			name = Products;
			sourceTree = "<group>";
		};
		4BBE600C2BBC477E00A36567 /* TestProject */ = {
			isa = PBXGroup;
			children = (
				4BBE600D2BBC477E00A36567 /* AppDelegate.swift */,
				4BBE600F2BBC477E00A36567 /* SceneDelegate.swift */,
				4BBE60222BBC48AB00A36567 /* Modules */,
				4BBE603D2BC16E0300A36567 /* Common */,
				4BBE60242BBC49F300A36567 /* Helpers */,
				4BBE60212BBC487800A36567 /* Resources */,
			);
			path = TestProject;
			sourceTree = "<group>";
		};
		4BBE60212BBC487800A36567 /* Resources */ = {
			isa = PBXGroup;
			children = (
				4BBE602C2BBC52C600A36567 /* Fonts */,
				4BBE60162BBC478000A36567 /* Assets.xcassets */,
				4BBE60182BBC478000A36567 /* LaunchScreen.storyboard */,
			);
			path = Resources;
			sourceTree = "<group>";
		};
		4BBE60222BBC48AB00A36567 /* Modules */ = {
			isa = PBXGroup;
			children = (
				4BBE60232BBC48F000A36567 /* MainScreen */,
				4BBE60312BBDC90800A36567 /* MagneticDetectionScreen */,
				4BAE47942BC9711D0050EDD8 /* ResultScreen */,
			);
			path = Modules;
			sourceTree = "<group>";
		};
		4BBE60232BBC48F000A36567 /* MainScreen */ = {
			isa = PBXGroup;
			children = (
				4BBE60322BBDCAF200A36567 /* MainViewController.swift */,
				4BBE60342BBDCB1700A36567 /* MainView.swift */,
				4BAE47952BC971770050EDD8 /* SearchView.swift */,
			);
			path = MainScreen;
			sourceTree = "<group>";
		};
		4BBE60242BBC49F300A36567 /* Helpers */ = {
			isa = PBXGroup;
			children = (
				4BBE60252BBC4A0A00A36567 /* AppConfig.swift */,
				4B8253202BC6E8F7005CFE94 /* Extensions.swift */,
			);
			path = Helpers;
			sourceTree = "<group>";
		};
		4BBE602C2BBC52C600A36567 /* Fonts */ = {
			isa = PBXGroup;
			children = (
				4B7E82002BD7EECC008D02E7 /* hc6 s.json */,
				4BBE602F2BBC8DAE00A36567 /* Roboto-Medium.ttf */,
			);
			path = Fonts;
			sourceTree = "<group>";
		};
		4BBE60312BBDC90800A36567 /* MagneticDetectionScreen */ = {
			isa = PBXGroup;
			children = (
				4BBE60112BBC477E00A36567 /* MagneticDetectionController.swift */,
				4BBE60272BBC4B7900A36567 /* MagneticDetectionView.swift */,
			);
			path = MagneticDetectionScreen;
			sourceTree = "<group>";
		};
		4BBE603D2BC16E0300A36567 /* Common */ = {
			isa = PBXGroup;
			children = (
				4BBE603E2BC16E3300A36567 /* CustomButton.swift */,
				4BAE479D2BC97D440050EDD8 /* CustopTitle.swift */,
			);
			path = Common;
			sourceTree = "<group>";
		};
/* End PBXGroup section */

/* Begin PBXNativeTarget section */
		4BBE60092BBC477E00A36567 /* TestProject */ = {
			isa = PBXNativeTarget;
			buildConfigurationList = 4BBE601E2BBC478000A36567 /* Build configuration list for PBXNativeTarget "TestProject" */;
			buildPhases = (
				4BBE60062BBC477E00A36567 /* Sources */,
				4BBE60072BBC477E00A36567 /* Frameworks */,
				4BBE60082BBC477E00A36567 /* Resources */,
			);
			buildRules = (
			);
			dependencies = (
			);
			name = TestProject;
			packageProductDependencies = (
				4BBE602A2BBC4D5600A36567 /* SnapKit */,
				4BBE603B2BC16A1200A36567 /* Lottie */,
			);
			productName = TestProject;
			productReference = 4BBE600A2BBC477E00A36567 /* TestProject.app */;
			productType = "com.apple.product-type.application";
		};
/* End PBXNativeTarget section */

/* Begin PBXProject section */
		4BBE60022BBC477E00A36567 /* Project object */ = {
			isa = PBXProject;
			attributes = {
				BuildIndependentTargetsInParallel = 1;
				LastSwiftUpdateCheck = 1420;
				LastUpgradeCheck = 1420;
				TargetAttributes = {
					4BBE60092BBC477E00A36567 = {
						CreatedOnToolsVersion = 14.2;
					};
				};
			};
			buildConfigurationList = 4BBE60052BBC477E00A36567 /* Build configuration list for PBXProject "TestProject" */;
			compatibilityVersion = "Xcode 14.0";
			developmentRegion = en;
			hasScannedForEncodings = 0;
			knownRegions = (
				en,
				Base,
			);
			mainGroup = 4BBE60012BBC477E00A36567;
			packageReferences = (
				4BBE60292BBC4D5600A36567 /* XCRemoteSwiftPackageReference "SnapKit" */,
				4BBE603A2BC16A1200A36567 /* XCRemoteSwiftPackageReference "lottie-spm" */,
			);
			productRefGroup = 4BBE600B2BBC477E00A36567 /* Products */;
			projectDirPath = "";
			projectRoot = "";
			targets = (
				4BBE60092BBC477E00A36567 /* TestProject */,
			);
		};
/* End PBXProject section */

/* Begin PBXResourcesBuildPhase section */
		4BBE60082BBC477E00A36567 /* Resources */ = {
			isa = PBXResourcesBuildPhase;
			buildActionMask = 2147483647;
			files = (
				4BBE601A2BBC478000A36567 /* LaunchScreen.storyboard in Resources */,
				4BBE60172BBC478000A36567 /* Assets.xcassets in Resources */,
				4B7E82012BD7EECC008D02E7 /* hc6 s.json in Resources */,
				4BBE60302BBC8DAE00A36567 /* Roboto-Medium.ttf in Resources */,
			);
			runOnlyForDeploymentPostprocessing = 0;
		};
/* End PBXResourcesBuildPhase section */

/* Begin PBXSourcesBuildPhase section */
		4BBE60062BBC477E00A36567 /* Sources */ = {
			isa = PBXSourcesBuildPhase;
			buildActionMask = 2147483647;
			files = (
				4BAE47962BC971770050EDD8 /* SearchView.swift in Sources */,
				4BBE60122BBC477E00A36567 /* MagneticDetectionController.swift in Sources */,
				4BAE479E2BC97D440050EDD8 /* CustopTitle.swift in Sources */,
				4BAE47982BC971B30050EDD8 /* ResultView.swift in Sources */,
				4B8253212BC6E8F7005CFE94 /* Extensions.swift in Sources */,
				4BBE60352BBDCB1700A36567 /* MainView.swift in Sources */,
				4BBE60262BBC4A0A00A36567 /* AppConfig.swift in Sources */,
				4BBE600E2BBC477E00A36567 /* AppDelegate.swift in Sources */,
				4BBE603F2BC16E3300A36567 /* CustomButton.swift in Sources */,
				4BAE479A2BC971EC0050EDD8 /* ResultController.swift in Sources */,
				4BAE479C2BC972D70050EDD8 /* ResultTableViewCell.swift in Sources */,
				4BBE60332BBDCAF200A36567 /* MainViewController.swift in Sources */,
				4BBE60282BBC4B7900A36567 /* MagneticDetectionView.swift in Sources */,
				4BBE60102BBC477E00A36567 /* SceneDelegate.swift in Sources */,
			);
			runOnlyForDeploymentPostprocessing = 0;
		};
/* End PBXSourcesBuildPhase section */

/* Begin PBXVariantGroup section */
		4BBE60182BBC478000A36567 /* LaunchScreen.storyboard */ = {
			isa = PBXVariantGroup;
			children = (
				4BBE60192BBC478000A36567 /* Base */,
			);
			name = LaunchScreen.storyboard;
			sourceTree = "<group>";
		};
/* End PBXVariantGroup section */

/* Begin XCBuildConfiguration section */
		4BBE601C2BBC478000A36567 /* Debug */ = {
			isa = XCBuildConfiguration;
			buildSettings = {
				ALWAYS_SEARCH_USER_PATHS = NO;
				CLANG_ANALYZER_NONNULL = YES;
				CLANG_ANALYZER_NUMBER_OBJECT_CONVERSION = YES_AGGRESSIVE;
				CLANG_CXX_LANGUAGE_STANDARD = "gnu++20";
				CLANG_ENABLE_MODULES = YES;
				CLANG_ENABLE_OBJC_ARC = YES;
				CLANG_ENABLE_OBJC_WEAK = YES;
				CLANG_WARN_BLOCK_CAPTURE_AUTORELEASING = YES;
				CLANG_WARN_BOOL_CONVERSION = YES;
				CLANG_WARN_COMMA = YES;
				CLANG_WARN_CONSTANT_CONVERSION = YES;
				CLANG_WARN_DEPRECATED_OBJC_IMPLEMENTATIONS = YES;
				CLANG_WARN_DIRECT_OBJC_ISA_USAGE = YES_ERROR;
				CLANG_WARN_DOCUMENTATION_COMMENTS = YES;
				CLANG_WARN_EMPTY_BODY = YES;
				CLANG_WARN_ENUM_CONVERSION = YES;
				CLANG_WARN_INFINITE_RECURSION = YES;
				CLANG_WARN_INT_CONVERSION = YES;
				CLANG_WARN_NON_LITERAL_NULL_CONVERSION = YES;
				CLANG_WARN_OBJC_IMPLICIT_RETAIN_SELF = YES;
				CLANG_WARN_OBJC_LITERAL_CONVERSION = YES;
				CLANG_WARN_OBJC_ROOT_CLASS = YES_ERROR;
				CLANG_WARN_QUOTED_INCLUDE_IN_FRAMEWORK_HEADER = YES;
				CLANG_WARN_RANGE_LOOP_ANALYSIS = YES;
				CLANG_WARN_STRICT_PROTOTYPES = YES;
				CLANG_WARN_SUSPICIOUS_MOVE = YES;
				CLANG_WARN_UNGUARDED_AVAILABILITY = YES_AGGRESSIVE;
				CLANG_WARN_UNREACHABLE_CODE = YES;
				CLANG_WARN__DUPLICATE_METHOD_MATCH = YES;
				COPY_PHASE_STRIP = NO;
				DEBUG_INFORMATION_FORMAT = dwarf;
				ENABLE_STRICT_OBJC_MSGSEND = YES;
				ENABLE_TESTABILITY = YES;
				GCC_C_LANGUAGE_STANDARD = gnu11;
				GCC_DYNAMIC_NO_PIC = NO;
				GCC_NO_COMMON_BLOCKS = YES;
				GCC_OPTIMIZATION_LEVEL = 0;
				GCC_PREPROCESSOR_DEFINITIONS = (
					"DEBUG=1",
					"$(inherited)",
				);
				GCC_WARN_64_TO_32_BIT_CONVERSION = YES;
				GCC_WARN_ABOUT_RETURN_TYPE = YES_ERROR;
				GCC_WARN_UNDECLARED_SELECTOR = YES;
				GCC_WARN_UNINITIALIZED_AUTOS = YES_AGGRESSIVE;
				GCC_WARN_UNUSED_FUNCTION = YES;
				GCC_WARN_UNUSED_VARIABLE = YES;
				IPHONEOS_DEPLOYMENT_TARGET = 15.0;
				MTL_ENABLE_DEBUG_INFO = INCLUDE_SOURCE;
				MTL_FAST_MATH = YES;
				ONLY_ACTIVE_ARCH = YES;
				SDKROOT = iphoneos;
				SWIFT_ACTIVE_COMPILATION_CONDITIONS = DEBUG;
				SWIFT_OPTIMIZATION_LEVEL = "-Onone";
			};
			name = Debug;
		};
		4BBE601D2BBC478000A36567 /* Release */ = {
			isa = XCBuildConfiguration;
			buildSettings = {
				ALWAYS_SEARCH_USER_PATHS = NO;
				CLANG_ANALYZER_NONNULL = YES;
				CLANG_ANALYZER_NUMBER_OBJECT_CONVERSION = YES_AGGRESSIVE;
				CLANG_CXX_LANGUAGE_STANDARD = "gnu++20";
				CLANG_ENABLE_MODULES = YES;
				CLANG_ENABLE_OBJC_ARC = YES;
				CLANG_ENABLE_OBJC_WEAK = YES;
				CLANG_WARN_BLOCK_CAPTURE_AUTORELEASING = YES;
				CLANG_WARN_BOOL_CONVERSION = YES;
				CLANG_WARN_COMMA = YES;
				CLANG_WARN_CONSTANT_CONVERSION = YES;
				CLANG_WARN_DEPRECATED_OBJC_IMPLEMENTATIONS = YES;
				CLANG_WARN_DIRECT_OBJC_ISA_USAGE = YES_ERROR;
				CLANG_WARN_DOCUMENTATION_COMMENTS = YES;
				CLANG_WARN_EMPTY_BODY = YES;
				CLANG_WARN_ENUM_CONVERSION = YES;
				CLANG_WARN_INFINITE_RECURSION = YES;
				CLANG_WARN_INT_CONVERSION = YES;
				CLANG_WARN_NON_LITERAL_NULL_CONVERSION = YES;
				CLANG_WARN_OBJC_IMPLICIT_RETAIN_SELF = YES;
				CLANG_WARN_OBJC_LITERAL_CONVERSION = YES;
				CLANG_WARN_OBJC_ROOT_CLASS = YES_ERROR;
				CLANG_WARN_QUOTED_INCLUDE_IN_FRAMEWORK_HEADER = YES;
				CLANG_WARN_RANGE_LOOP_ANALYSIS = YES;
				CLANG_WARN_STRICT_PROTOTYPES = YES;
				CLANG_WARN_SUSPICIOUS_MOVE = YES;
				CLANG_WARN_UNGUARDED_AVAILABILITY = YES_AGGRESSIVE;
				CLANG_WARN_UNREACHABLE_CODE = YES;
				CLANG_WARN__DUPLICATE_METHOD_MATCH = YES;
				COPY_PHASE_STRIP = NO;
				DEBUG_INFORMATION_FORMAT = "dwarf-with-dsym";
				ENABLE_NS_ASSERTIONS = NO;
				ENABLE_STRICT_OBJC_MSGSEND = YES;
				GCC_C_LANGUAGE_STANDARD = gnu11;
				GCC_NO_COMMON_BLOCKS = YES;
				GCC_WARN_64_TO_32_BIT_CONVERSION = YES;
				GCC_WARN_ABOUT_RETURN_TYPE = YES_ERROR;
				GCC_WARN_UNDECLARED_SELECTOR = YES;
				GCC_WARN_UNINITIALIZED_AUTOS = YES_AGGRESSIVE;
				GCC_WARN_UNUSED_FUNCTION = YES;
				GCC_WARN_UNUSED_VARIABLE = YES;
				IPHONEOS_DEPLOYMENT_TARGET = 15.0;
				MTL_ENABLE_DEBUG_INFO = NO;
				MTL_FAST_MATH = YES;
				SDKROOT = iphoneos;
				SWIFT_COMPILATION_MODE = wholemodule;
				SWIFT_OPTIMIZATION_LEVEL = "-O";
				VALIDATE_PRODUCT = YES;
			};
			name = Release;
		};
		4BBE601F2BBC478000A36567 /* Debug */ = {
			isa = XCBuildConfiguration;
			buildSettings = {
				ASSETCATALOG_COMPILER_APPICON_NAME = AppIcon;
				ASSETCATALOG_COMPILER_GLOBAL_ACCENT_COLOR_NAME = AccentColor;
				CODE_SIGN_STYLE = Automatic;
				CURRENT_PROJECT_VERSION = 1;
				DEVELOPMENT_TEAM = TM2F3633GC;
				GENERATE_INFOPLIST_FILE = YES;
				INFOPLIST_FILE = TestProject/Info.plist;
				INFOPLIST_KEY_UIApplicationSupportsIndirectInputEvents = YES;
				INFOPLIST_KEY_UILaunchStoryboardName = LaunchScreen;
				INFOPLIST_KEY_UISupportedInterfaceOrientations = UIInterfaceOrientationPortrait;
				IPHONEOS_DEPLOYMENT_TARGET = 15.0;
				LD_RUNPATH_SEARCH_PATHS = (
					"$(inherited)",
					"@executable_path/Frameworks",
				);
				MARKETING_VERSION = 1.0;
				PRODUCT_BUNDLE_IDENTIFIER = com.test.TestProject;
				PRODUCT_NAME = "$(TARGET_NAME)";
				SWIFT_EMIT_LOC_STRINGS = YES;
				SWIFT_VERSION = 5.0;
				TARGETED_DEVICE_FAMILY = "1,2";
			};
			name = Debug;
		};
		4BBE60202BBC478000A36567 /* Release */ = {
			isa = XCBuildConfiguration;
			buildSettings = {
				ASSETCATALOG_COMPILER_APPICON_NAME = AppIcon;
				ASSETCATALOG_COMPILER_GLOBAL_ACCENT_COLOR_NAME = AccentColor;
				CODE_SIGN_STYLE = Automatic;
				CURRENT_PROJECT_VERSION = 1;
				DEVELOPMENT_TEAM = TM2F3633GC;
				GENERATE_INFOPLIST_FILE = YES;
				INFOPLIST_FILE = TestProject/Info.plist;
				INFOPLIST_KEY_UIApplicationSupportsIndirectInputEvents = YES;
				INFOPLIST_KEY_UILaunchStoryboardName = LaunchScreen;
				INFOPLIST_KEY_UISupportedInterfaceOrientations = UIInterfaceOrientationPortrait;
				IPHONEOS_DEPLOYMENT_TARGET = 15.0;
				LD_RUNPATH_SEARCH_PATHS = (
					"$(inherited)",
					"@executable_path/Frameworks",
				);
				MARKETING_VERSION = 1.0;
				PRODUCT_BUNDLE_IDENTIFIER = com.test.TestProject;
				PRODUCT_NAME = "$(TARGET_NAME)";
				SWIFT_EMIT_LOC_STRINGS = YES;
				SWIFT_VERSION = 5.0;
				TARGETED_DEVICE_FAMILY = "1,2";
			};
			name = Release;
		};
/* End XCBuildConfiguration section */

/* Begin XCConfigurationList section */
		4BBE60052BBC477E00A36567 /* Build configuration list for PBXProject "TestProject" */ = {
			isa = XCConfigurationList;
			buildConfigurations = (
				4BBE601C2BBC478000A36567 /* Debug */,
				4BBE601D2BBC478000A36567 /* Release */,
			);
			defaultConfigurationIsVisible = 0;
			defaultConfigurationName = Release;
		};
		4BBE601E2BBC478000A36567 /* Build configuration list for PBXNativeTarget "TestProject" */ = {
			isa = XCConfigurationList;
			buildConfigurations = (
				4BBE601F2BBC478000A36567 /* Debug */,
				4BBE60202BBC478000A36567 /* Release */,
			);
			defaultConfigurationIsVisible = 0;
			defaultConfigurationName = Release;
		};
/* End XCConfigurationList section */

/* Begin XCRemoteSwiftPackageReference section */
		4BBE60292BBC4D5600A36567 /* XCRemoteSwiftPackageReference "SnapKit" */ = {
			isa = XCRemoteSwiftPackageReference;
			repositoryURL = "https://github.com/SnapKit/SnapKit.git";
			requirement = {
				kind = upToNextMajorVersion;
				minimumVersion = 5.0.0;
			};
		};
		4BBE603A2BC16A1200A36567 /* XCRemoteSwiftPackageReference "lottie-spm" */ = {
			isa = XCRemoteSwiftPackageReference;
			repositoryURL = "https://github.com/airbnb/lottie-spm.git";
			requirement = {
				kind = upToNextMajorVersion;
				minimumVersion = 4.0.0;
			};
		};
/* End XCRemoteSwiftPackageReference section */

/* Begin XCSwiftPackageProductDependency section */
		4BBE602A2BBC4D5600A36567 /* SnapKit */ = {
			isa = XCSwiftPackageProductDependency;
			package = 4BBE60292BBC4D5600A36567 /* XCRemoteSwiftPackageReference "SnapKit" */;
			productName = SnapKit;
		};
		4BBE603B2BC16A1200A36567 /* Lottie */ = {
			isa = XCSwiftPackageProductDependency;
			package = 4BBE603A2BC16A1200A36567 /* XCRemoteSwiftPackageReference "lottie-spm" */;
			productName = Lottie;
		};
/* End XCSwiftPackageProductDependency section */
	};
	rootObject = 4BBE60022BBC477E00A36567 /* Project object */;
}
